
Microsoft Visual Studio Solution File, Format Version 12.00
# Visual Studio Version 17
VisualStudioVersion = 17.11.35219.272
MinimumVisualStudioVersion = 10.0.40219.1
Project("{FAE04EC0-301F-11D3-BF4B-00C04F79EFBC}") = "ContactsConsolApp2", "ContactsConsolApp2.csproj", "{FD99B0EF-81D1-4BC1-A1B2-B86ABCAFEA9F}"
EndProject
Project("{FAE04EC0-301F-11D3-BF4B-00C04F79EFBC}") = "ContactsBusinessLayer", "..\ContactsBusinessLayer\ContactsBusinessLayer.csproj", "{B77125E4-DD60-4B0F-A13F-99929E7F04D2}"
EndProject
Project("{FAE04EC0-301F-11D3-BF4B-00C04F79EFBC}") = "ContactsDataAccessLayer", "..\ContactsDataAccessLaye\ContactsDataAccessLayer.csproj", "{2B23E7E4-F933-4A6C-A395-4D1AED4F1B86}"
EndProject
Global
	GlobalSection(SolutionConfigurationPlatforms) = preSolution
		Debug|Any CPU = Debug|Any CPU
		Release|Any CPU = Release|Any CPU
	EndGlobalSection
	GlobalSection(ProjectConfigurationPlatforms) = postSolution
		{FD99B0EF-81D1-4BC1-A1B2-B86ABCAFEA9F}.Debug|Any CPU.ActiveCfg = Debug|Any CPU
		{FD99B0EF-81D1-4BC1-A1B2-B86ABCAFEA9F}.Debug|Any CPU.Build.0 = Debug|Any CPU
		{FD99B0EF-81D1-4BC1-A1B2-B86ABCAFEA9F}.Release|Any CPU.ActiveCfg = Release|Any CPU
		{FD99B0EF-81D1-4BC1-A1B2-B86ABCAFEA9F}.Release|Any CPU.Build.0 = Release|Any CPU
		{B77125E4-DD60-4B0F-A13F-99929E7F04D2}.Debug|Any CPU.ActiveCfg = Debug|Any CPU
		{B77125E4-DD60-4B0F-A13F-99929E7F04D2}.Debug|Any CPU.Build.0 = Debug|Any CPU
		{B77125E4-DD60-4B0F-A13F-99929E7F04D2}.Release|Any CPU.ActiveCfg = Release|Any CPU
		{B77125E4-DD60-4B0F-A13F-99929E7F04D2}.Release|Any CPU.Build.0 = Release|Any CPU
		{2B23E7E4-F933-4A6C-A395-4D1AED4F1B86}.Debug|Any CPU.ActiveCfg = Debug|Any CPU
		{2B23E7E4-F933-4A6C-A395-4D1AED4F1B86}.Debug|Any CPU.Build.0 = Debug|Any CPU
		{2B23E7E4-F933-4A6C-A395-4D1AED4F1B86}.Release|Any CPU.ActiveCfg = Release|Any CPU
		{2B23E7E4-F933-4A6C-A395-4D1AED4F1B86}.Release|Any CPU.Build.0 = Release|Any CPU
	EndGlobalSection
	GlobalSection(SolutionProperties) = preSolution
		HideSolutionNode = FALSE
	EndGlobalSection
	GlobalSection(ExtensibilityGlobals) = postSolution
		SolutionGuid = {E27B9851-CA4E-45EA-B578-E28BBBA19245}
	EndGlobalSection
EndGlobal
